
Microsoft Visual Studio Solution File, Format Version 12.00
# Visual Studio Version 16
VisualStudioVersion = 16.0.31205.134
MinimumVisualStudioVersion = 10.0.40219.1
Project("{9A19103F-16F7-4668-BE54-9A1E7A4F7556}") = "BnsTools", "BnsTools\BnsTools.csproj", "{BABC2878-2D3C-4B49-92A2-1D2C47D3DD46}"
EndProject
Project("{2150E333-8FDC-42A3-9474-1A3956D46DE8}") = "Modules", "Modules", "{A314D295-2BCE-4CC5-91B5-E314DDD67E6B}"
EndProject
Project("{9A19103F-16F7-4668-BE54-9A1E7A4F7556}") = "Schema", "Schema\Schema.csproj", "{A6C75A2B-F864-4729-A7F6-AC08D613E94D}"
EndProject
Project("{2150E333-8FDC-42A3-9474-1A3956D46DE8}") = "Common", "Common", "{262650B1-A6A4-4039-B666-2BC6519F11C2}"
EndProject
Project("{FAE04EC0-301F-11D3-BF4B-00C04F79EFBC}") = "Common", "Common\Common.csproj", "{5BDC3ED2-59FE-4C3C-A996-3AB90FF02E6D}"
EndProject
Global
	GlobalSection(SolutionConfigurationPlatforms) = preSolution
		Debug|Any CPU = Debug|Any CPU
		Release|Any CPU = Release|Any CPU
	EndGlobalSection
	GlobalSection(ProjectConfigurationPlatforms) = postSolution
		{BABC2878-2D3C-4B49-92A2-1D2C47D3DD46}.Debug|Any CPU.ActiveCfg = Debug|Any CPU
		{BABC2878-2D3C-4B49-92A2-1D2C47D3DD46}.Debug|Any CPU.Build.0 = Debug|Any CPU
		{BABC2878-2D3C-4B49-92A2-1D2C47D3DD46}.Release|Any CPU.ActiveCfg = Release|Any CPU
		{BABC2878-2D3C-4B49-92A2-1D2C47D3DD46}.Release|Any CPU.Build.0 = Release|Any CPU
		{A6C75A2B-F864-4729-A7F6-AC08D613E94D}.Debug|Any CPU.ActiveCfg = Debug|Any CPU
		{A6C75A2B-F864-4729-A7F6-AC08D613E94D}.Debug|Any CPU.Build.0 = Debug|Any CPU
		{A6C75A2B-F864-4729-A7F6-AC08D613E94D}.Release|Any CPU.ActiveCfg = Release|Any CPU
		{A6C75A2B-F864-4729-A7F6-AC08D613E94D}.Release|Any CPU.Build.0 = Release|Any CPU
		{5BDC3ED2-59FE-4C3C-A996-3AB90FF02E6D}.Debug|Any CPU.ActiveCfg = Debug|Any CPU
		{5BDC3ED2-59FE-4C3C-A996-3AB90FF02E6D}.Debug|Any CPU.Build.0 = Debug|Any CPU
		{5BDC3ED2-59FE-4C3C-A996-3AB90FF02E6D}.Release|Any CPU.ActiveCfg = Release|Any CPU
		{5BDC3ED2-59FE-4C3C-A996-3AB90FF02E6D}.Release|Any CPU.Build.0 = Release|Any CPU
	EndGlobalSection
	GlobalSection(SolutionProperties) = preSolution
		HideSolutionNode = FALSE
	EndGlobalSection
	GlobalSection(NestedProjects) = preSolution
		{A6C75A2B-F864-4729-A7F6-AC08D613E94D} = {A314D295-2BCE-4CC5-91B5-E314DDD67E6B}
		{5BDC3ED2-59FE-4C3C-A996-3AB90FF02E6D} = {262650B1-A6A4-4039-B666-2BC6519F11C2}
	EndGlobalSection
	GlobalSection(ExtensibilityGlobals) = postSolution
		SolutionGuid = {D3A47EFA-CB64-4994-A1CA-C090AB0A53AA}
	EndGlobalSection
EndGlobal
