
Microsoft Visual Studio Solution File, Format Version 12.00
# Visual Studio Version 16
VisualStudioVersion = 16.0.31205.134
MinimumVisualStudioVersion = 10.0.40219.1
Project("{9A19103F-16F7-4668-BE54-9A1E7A4F7556}") = "BnsTools", "BnsTools\BnsTools.csproj", "{BABC2878-2D3C-4B49-92A2-1D2C47D3DD46}"
EndProject
Project("{2150E333-8FDC-42A3-9474-1A3956D46DE8}") = "Modules", "Modules", "{A314D295-2BCE-4CC5-91B5-E314DDD67E6B}"
EndProject
Project("{2150E333-8FDC-42A3-9474-1A3956D46DE8}") = "Common", "Common", "{262650B1-A6A4-4039-B666-2BC6519F11C2}"
EndProject
Project("{2150E333-8FDC-42A3-9474-1A3956D46DE8}") = "Test", "Test", "{A1F17B49-4B5E-4E55-98C7-759DD1B4A43C}"
EndProject
Project("{9A19103F-16F7-4668-BE54-9A1E7A4F7556}") = "Schema", "Modules\Schema\Schema.csproj", "{03CA1309-3AF9-4787-AAD3-4E56DC9A0856}"
EndProject
Project("{9A19103F-16F7-4668-BE54-9A1E7A4F7556}") = "Common", "Common\Common\Common.csproj", "{1F63BB74-694F-4934-B6ED-6D363224809D}"
EndProject
Project("{9A19103F-16F7-4668-BE54-9A1E7A4F7556}") = "Translate", "Modules\Translate\Translate.csproj", "{ADCB4070-0E86-4FAF-B322-B2231192C3C3}"
EndProject
Project("{9A19103F-16F7-4668-BE54-9A1E7A4F7556}") = "Home", "Modules\Home\Home.csproj", "{D25139EC-965D-469E-A686-66C7742F6C1D}"
EndProject
Project("{9A19103F-16F7-4668-BE54-9A1E7A4F7556}") = "ExtractItem", "Modules\ExtractItem\ExtractItem.csproj", "{06DC7EA9-F848-43CB-99EF-12B422A4B69D}"
EndProject
Project("{FAE04EC0-301F-11D3-BF4B-00C04F79EFBC}") = "test", "test\test.csproj", "{3DBBDBEF-E6E3-4069-895F-99205B5A896D}"
EndProject
Global
	GlobalSection(SolutionConfigurationPlatforms) = preSolution
		Debug|Any CPU = Debug|Any CPU
		Release|Any CPU = Release|Any CPU
	EndGlobalSection
	GlobalSection(ProjectConfigurationPlatforms) = postSolution
		{BABC2878-2D3C-4B49-92A2-1D2C47D3DD46}.Debug|Any CPU.ActiveCfg = Debug|Any CPU
		{BABC2878-2D3C-4B49-92A2-1D2C47D3DD46}.Debug|Any CPU.Build.0 = Debug|Any CPU
		{BABC2878-2D3C-4B49-92A2-1D2C47D3DD46}.Release|Any CPU.ActiveCfg = Release|Any CPU
		{BABC2878-2D3C-4B49-92A2-1D2C47D3DD46}.Release|Any CPU.Build.0 = Release|Any CPU
		{03CA1309-3AF9-4787-AAD3-4E56DC9A0856}.Debug|Any CPU.ActiveCfg = Debug|Any CPU
		{03CA1309-3AF9-4787-AAD3-4E56DC9A0856}.Debug|Any CPU.Build.0 = Debug|Any CPU
		{03CA1309-3AF9-4787-AAD3-4E56DC9A0856}.Release|Any CPU.ActiveCfg = Release|Any CPU
		{03CA1309-3AF9-4787-AAD3-4E56DC9A0856}.Release|Any CPU.Build.0 = Release|Any CPU
		{1F63BB74-694F-4934-B6ED-6D363224809D}.Debug|Any CPU.ActiveCfg = Debug|Any CPU
		{1F63BB74-694F-4934-B6ED-6D363224809D}.Debug|Any CPU.Build.0 = Debug|Any CPU
		{1F63BB74-694F-4934-B6ED-6D363224809D}.Release|Any CPU.ActiveCfg = Release|Any CPU
		{1F63BB74-694F-4934-B6ED-6D363224809D}.Release|Any CPU.Build.0 = Release|Any CPU
		{ADCB4070-0E86-4FAF-B322-B2231192C3C3}.Debug|Any CPU.ActiveCfg = Debug|Any CPU
		{ADCB4070-0E86-4FAF-B322-B2231192C3C3}.Debug|Any CPU.Build.0 = Debug|Any CPU
		{ADCB4070-0E86-4FAF-B322-B2231192C3C3}.Release|Any CPU.ActiveCfg = Release|Any CPU
		{ADCB4070-0E86-4FAF-B322-B2231192C3C3}.Release|Any CPU.Build.0 = Release|Any CPU
		{D25139EC-965D-469E-A686-66C7742F6C1D}.Debug|Any CPU.ActiveCfg = Debug|Any CPU
		{D25139EC-965D-469E-A686-66C7742F6C1D}.Debug|Any CPU.Build.0 = Debug|Any CPU
		{D25139EC-965D-469E-A686-66C7742F6C1D}.Release|Any CPU.ActiveCfg = Release|Any CPU
		{D25139EC-965D-469E-A686-66C7742F6C1D}.Release|Any CPU.Build.0 = Release|Any CPU
		{06DC7EA9-F848-43CB-99EF-12B422A4B69D}.Debug|Any CPU.ActiveCfg = Debug|Any CPU
		{06DC7EA9-F848-43CB-99EF-12B422A4B69D}.Debug|Any CPU.Build.0 = Debug|Any CPU
		{06DC7EA9-F848-43CB-99EF-12B422A4B69D}.Release|Any CPU.ActiveCfg = Release|Any CPU
		{06DC7EA9-F848-43CB-99EF-12B422A4B69D}.Release|Any CPU.Build.0 = Release|Any CPU
		{3DBBDBEF-E6E3-4069-895F-99205B5A896D}.Debug|Any CPU.ActiveCfg = Debug|Any CPU
		{3DBBDBEF-E6E3-4069-895F-99205B5A896D}.Debug|Any CPU.Build.0 = Debug|Any CPU
		{3DBBDBEF-E6E3-4069-895F-99205B5A896D}.Release|Any CPU.ActiveCfg = Release|Any CPU
		{3DBBDBEF-E6E3-4069-895F-99205B5A896D}.Release|Any CPU.Build.0 = Release|Any CPU
	EndGlobalSection
	GlobalSection(SolutionProperties) = preSolution
		HideSolutionNode = FALSE
	EndGlobalSection
	GlobalSection(NestedProjects) = preSolution
		{03CA1309-3AF9-4787-AAD3-4E56DC9A0856} = {A314D295-2BCE-4CC5-91B5-E314DDD67E6B}
		{1F63BB74-694F-4934-B6ED-6D363224809D} = {262650B1-A6A4-4039-B666-2BC6519F11C2}
		{ADCB4070-0E86-4FAF-B322-B2231192C3C3} = {A314D295-2BCE-4CC5-91B5-E314DDD67E6B}
		{D25139EC-965D-469E-A686-66C7742F6C1D} = {A314D295-2BCE-4CC5-91B5-E314DDD67E6B}
		{06DC7EA9-F848-43CB-99EF-12B422A4B69D} = {A314D295-2BCE-4CC5-91B5-E314DDD67E6B}
		{3DBBDBEF-E6E3-4069-895F-99205B5A896D} = {A1F17B49-4B5E-4E55-98C7-759DD1B4A43C}
	EndGlobalSection
	GlobalSection(ExtensibilityGlobals) = postSolution
		SolutionGuid = {D3A47EFA-CB64-4994-A1CA-C090AB0A53AA}
	EndGlobalSection
EndGlobal
